// !$*UTF8*$!
{
	archiveVersion = 1;
	classes = {
	};
	objectVersion = 55;
	objects = {

/* Begin PBXBuildFile section */
		491BFB7E290FD87600E34783 /* IslandCollectionViewCell.swift in Sources */ = {isa = PBXBuildFile; fileRef = 491BFB7D290FD87600E34783 /* IslandCollectionViewCell.swift */; };
		49342F0C290FC45B0000C65E /* AppDelegate.swift in Sources */ = {isa = PBXBuildFile; fileRef = 49342F0B290FC45B0000C65E /* AppDelegate.swift */; };
		49342F0E290FC45B0000C65E /* SceneDelegate.swift in Sources */ = {isa = PBXBuildFile; fileRef = 49342F0D290FC45B0000C65E /* SceneDelegate.swift */; };
		49342F10290FC45B0000C65E /* ViewController.swift in Sources */ = {isa = PBXBuildFile; fileRef = 49342F0F290FC45B0000C65E /* ViewController.swift */; };
		49342F13290FC45B0000C65E /* Main.storyboard in Resources */ = {isa = PBXBuildFile; fileRef = 49342F11290FC45B0000C65E /* Main.storyboard */; };
		49342F15290FC45E0000C65E /* Assets.xcassets in Resources */ = {isa = PBXBuildFile; fileRef = 49342F14290FC45E0000C65E /* Assets.xcassets */; };
		49342F18290FC45E0000C65E /* LaunchScreen.storyboard in Resources */ = {isa = PBXBuildFile; fileRef = 49342F16290FC45E0000C65E /* LaunchScreen.storyboard */; };
		49ACF72F29116DEF00251C2B /* calculateIsland.swift in Sources */ = {isa = PBXBuildFile; fileRef = 49ACF72E29116DEF00251C2B /* calculateIsland.swift */; };
		49ACF73229117EBA00251C2B /* dataModel.swift in Sources */ = {isa = PBXBuildFile; fileRef = 49ACF73129117EBA00251C2B /* dataModel.swift */; };
		49ACF7342911D34600251C2B /* README.md in Resources */ = {isa = PBXBuildFile; fileRef = 49ACF7332911D34600251C2B /* README.md */; };
/* End PBXBuildFile section */

/* Begin PBXFileReference section */
		491BFB7D290FD87600E34783 /* IslandCollectionViewCell.swift */ = {isa = PBXFileReference; lastKnownFileType = sourcecode.swift; path = IslandCollectionViewCell.swift; sourceTree = "<group>"; };
		49342F08290FC45B0000C65E /* islands.app */ = {isa = PBXFileReference; explicitFileType = wrapper.application; includeInIndex = 0; path = islands.app; sourceTree = BUILT_PRODUCTS_DIR; };
		49342F0B290FC45B0000C65E /* AppDelegate.swift */ = {isa = PBXFileReference; lastKnownFileType = sourcecode.swift; path = AppDelegate.swift; sourceTree = "<group>"; };
		49342F0D290FC45B0000C65E /* SceneDelegate.swift */ = {isa = PBXFileReference; lastKnownFileType = sourcecode.swift; path = SceneDelegate.swift; sourceTree = "<group>"; };
		49342F0F290FC45B0000C65E /* ViewController.swift */ = {isa = PBXFileReference; lastKnownFileType = sourcecode.swift; path = ViewController.swift; sourceTree = "<group>"; };
		49342F12290FC45B0000C65E /* Base */ = {isa = PBXFileReference; lastKnownFileType = file.storyboard; name = Base; path = Base.lproj/Main.storyboard; sourceTree = "<group>"; };
		49342F14290FC45E0000C65E /* Assets.xcassets */ = {isa = PBXFileReference; lastKnownFileType = folder.assetcatalog; path = Assets.xcassets; sourceTree = "<group>"; };
		49342F17290FC45E0000C65E /* Base */ = {isa = PBXFileReference; lastKnownFileType = file.storyboard; name = Base; path = Base.lproj/LaunchScreen.storyboard; sourceTree = "<group>"; };
		49342F19290FC45E0000C65E /* Info.plist */ = {isa = PBXFileReference; lastKnownFileType = text.plist.xml; path = Info.plist; sourceTree = "<group>"; };
		49ACF72E29116DEF00251C2B /* calculateIsland.swift */ = {isa = PBXFileReference; lastKnownFileType = sourcecode.swift; path = calculateIsland.swift; sourceTree = "<group>"; };
		49ACF73129117EBA00251C2B /* dataModel.swift */ = {isa = PBXFileReference; lastKnownFileType = sourcecode.swift; path = dataModel.swift; sourceTree = "<group>"; };
		49ACF7332911D34600251C2B /* README.md */ = {isa = PBXFileReference; lastKnownFileType = net.daringfireball.markdown; path = README.md; sourceTree = "<group>"; };
/* End PBXFileReference section */

/* Begin PBXFrameworksBuildPhase section */
		49342F05290FC45B0000C65E /* Frameworks */ = {
			isa = PBXFrameworksBuildPhase;
			buildActionMask = 2147483647;
			files = (
			);
			runOnlyForDeploymentPostprocessing = 0;
		};
/* End PBXFrameworksBuildPhase section */

/* Begin PBXGroup section */
		49342EFF290FC45A0000C65E = {
			isa = PBXGroup;
			children = (
				49ACF7332911D34600251C2B /* README.md */,
				49342F0A290FC45B0000C65E /* islands */,
				49342F09290FC45B0000C65E /* Products */,
			);
			sourceTree = "<group>";
		};
		49342F09290FC45B0000C65E /* Products */ = {
			isa = PBXGroup;
			children = (
				49342F08290FC45B0000C65E /* islands.app */,
			);
			name = Products;
			sourceTree = "<group>";
		};
		49342F0A290FC45B0000C65E /* islands */ = {
			isa = PBXGroup;
			children = (
				49ACF73029117EA700251C2B /* model */,
				49ACF72D29116DCC00251C2B /* helpers */,
				49342F0B290FC45B0000C65E /* AppDelegate.swift */,
				49342F0D290FC45B0000C65E /* SceneDelegate.swift */,
				49342F0F290FC45B0000C65E /* ViewController.swift */,
				49342F11290FC45B0000C65E /* Main.storyboard */,
				49342F14290FC45E0000C65E /* Assets.xcassets */,
				49342F16290FC45E0000C65E /* LaunchScreen.storyboard */,
				49342F19290FC45E0000C65E /* Info.plist */,
				491BFB7D290FD87600E34783 /* IslandCollectionViewCell.swift */,
			);
			path = islands;
			sourceTree = "<group>";
		};
		49ACF72D29116DCC00251C2B /* helpers */ = {
			isa = PBXGroup;
			children = (
				49ACF72E29116DEF00251C2B /* calculateIsland.swift */,
			);
			path = helpers;
			sourceTree = "<group>";
		};
		49ACF73029117EA700251C2B /* model */ = {
			isa = PBXGroup;
			children = (
				49ACF73129117EBA00251C2B /* dataModel.swift */,
			);
			path = model;
			sourceTree = "<group>";
		};
/* End PBXGroup section */

/* Begin PBXNativeTarget section */
		49342F07290FC45B0000C65E /* islands */ = {
			isa = PBXNativeTarget;
			buildConfigurationList = 49342F1C290FC45E0000C65E /* Build configuration list for PBXNativeTarget "islands" */;
			buildPhases = (
				49342F04290FC45B0000C65E /* Sources */,
				49342F05290FC45B0000C65E /* Frameworks */,
				49342F06290FC45B0000C65E /* Resources */,
			);
			buildRules = (
			);
			dependencies = (
			);
			name = islands;
			productName = islands;
			productReference = 49342F08290FC45B0000C65E /* islands.app */;
			productType = "com.apple.product-type.application";
		};
/* End PBXNativeTarget section */

/* Begin PBXProject section */
		49342F00290FC45A0000C65E /* Project object */ = {
			isa = PBXProject;
			attributes = {
				BuildIndependentTargetsInParallel = 1;
				LastSwiftUpdateCheck = 1320;
				LastUpgradeCheck = 1320;
				TargetAttributes = {
					49342F07290FC45B0000C65E = {
						CreatedOnToolsVersion = 13.2.1;
					};
				};
			};
			buildConfigurationList = 49342F03290FC45A0000C65E /* Build configuration list for PBXProject "islands" */;
			compatibilityVersion = "Xcode 13.0";
			developmentRegion = en;
			hasScannedForEncodings = 0;
			knownRegions = (
				en,
				Base,
			);
			mainGroup = 49342EFF290FC45A0000C65E;
			productRefGroup = 49342F09290FC45B0000C65E /* Products */;
			projectDirPath = "";
			projectRoot = "";
			targets = (
				49342F07290FC45B0000C65E /* islands */,
			);
		};
/* End PBXProject section */

/* Begin PBXResourcesBuildPhase section */
		49342F06290FC45B0000C65E /* Resources */ = {
			isa = PBXResourcesBuildPhase;
			buildActionMask = 2147483647;
			files = (
				49342F18290FC45E0000C65E /* LaunchScreen.storyboard in Resources */,
				49342F15290FC45E0000C65E /* Assets.xcassets in Resources */,
				49ACF7342911D34600251C2B /* README.md in Resources */,
				49342F13290FC45B0000C65E /* Main.storyboard in Resources */,
			);
			runOnlyForDeploymentPostprocessing = 0;
		};
/* End PBXResourcesBuildPhase section */

/* Begin PBXSourcesBuildPhase section */
		49342F04290FC45B0000C65E /* Sources */ = {
			isa = PBXSourcesBuildPhase;
			buildActionMask = 2147483647;
			files = (
				491BFB7E290FD87600E34783 /* IslandCollectionViewCell.swift in Sources */,
				49342F10290FC45B0000C65E /* ViewController.swift in Sources */,
				49342F0C290FC45B0000C65E /* AppDelegate.swift in Sources */,
				49342F0E290FC45B0000C65E /* SceneDelegate.swift in Sources */,
				49ACF72F29116DEF00251C2B /* calculateIsland.swift in Sources */,
				49ACF73229117EBA00251C2B /* dataModel.swift in Sources */,
			);
			runOnlyForDeploymentPostprocessing = 0;
		};
/* End PBXSourcesBuildPhase section */

/* Begin PBXVariantGroup section */
		49342F11290FC45B0000C65E /* Main.storyboard */ = {
			isa = PBXVariantGroup;
			children = (
				49342F12290FC45B0000C65E /* Base */,
			);
			name = Main.storyboard;
			sourceTree = "<group>";
		};
		49342F16290FC45E0000C65E /* LaunchScreen.storyboard */ = {
			isa = PBXVariantGroup;
			children = (
				49342F17290FC45E0000C65E /* Base */,
			);
			name = LaunchScreen.storyboard;
			sourceTree = "<group>";
		};
/* End PBXVariantGroup section */

/* Begin XCBuildConfiguration section */
		49342F1A290FC45E0000C65E /* Debug */ = {
			isa = XCBuildConfiguration;
			buildSettings = {
				ALWAYS_SEARCH_USER_PATHS = NO;
				CLANG_ANALYZER_NONNULL = YES;
				CLANG_ANALYZER_NUMBER_OBJECT_CONVERSION = YES_AGGRESSIVE;
				CLANG_CXX_LANGUAGE_STANDARD = "gnu++17";
				CLANG_CXX_LIBRARY = "libc++";
				CLANG_ENABLE_MODULES = YES;
				CLANG_ENABLE_OBJC_ARC = YES;
				CLANG_ENABLE_OBJC_WEAK = YES;
				CLANG_WARN_BLOCK_CAPTURE_AUTORELEASING = YES;
				CLANG_WARN_BOOL_CONVERSION = YES;
				CLANG_WARN_COMMA = YES;
				CLANG_WARN_CONSTANT_CONVERSION = YES;
				CLANG_WARN_DEPRECATED_OBJC_IMPLEMENTATIONS = YES;
				CLANG_WARN_DIRECT_OBJC_ISA_USAGE = YES_ERROR;
				CLANG_WARN_DOCUMENTATION_COMMENTS = YES;
				CLANG_WARN_EMPTY_BODY = YES;
				CLANG_WARN_ENUM_CONVERSION = YES;
				CLANG_WARN_INFINITE_RECURSION = YES;
				CLANG_WARN_INT_CONVERSION = YES;
				CLANG_WARN_NON_LITERAL_NULL_CONVERSION = YES;
				CLANG_WARN_OBJC_IMPLICIT_RETAIN_SELF = YES;
				CLANG_WARN_OBJC_LITERAL_CONVERSION = YES;
				CLANG_WARN_OBJC_ROOT_CLASS = YES_ERROR;
				CLANG_WARN_QUOTED_INCLUDE_IN_FRAMEWORK_HEADER = YES;
				CLANG_WARN_RANGE_LOOP_ANALYSIS = YES;
				CLANG_WARN_STRICT_PROTOTYPES = YES;
				CLANG_WARN_SUSPICIOUS_MOVE = YES;
				CLANG_WARN_UNGUARDED_AVAILABILITY = YES_AGGRESSIVE;
				CLANG_WARN_UNREACHABLE_CODE = YES;
				CLANG_WARN__DUPLICATE_METHOD_MATCH = YES;
				COPY_PHASE_STRIP = NO;
				DEBUG_INFORMATION_FORMAT = dwarf;
				ENABLE_STRICT_OBJC_MSGSEND = YES;
				ENABLE_TESTABILITY = YES;
				GCC_C_LANGUAGE_STANDARD = gnu11;
				GCC_DYNAMIC_NO_PIC = NO;
				GCC_NO_COMMON_BLOCKS = YES;
				GCC_OPTIMIZATION_LEVEL = 0;
				GCC_PREPROCESSOR_DEFINITIONS = (
					"DEBUG=1",
					"$(inherited)",
				);
				GCC_WARN_64_TO_32_BIT_CONVERSION = YES;
				GCC_WARN_ABOUT_RETURN_TYPE = YES_ERROR;
				GCC_WARN_UNDECLARED_SELECTOR = YES;
				GCC_WARN_UNINITIALIZED_AUTOS = YES_AGGRESSIVE;
				GCC_WARN_UNUSED_FUNCTION = YES;
				GCC_WARN_UNUSED_VARIABLE = YES;
				IPHONEOS_DEPLOYMENT_TARGET = 15.2;
				MTL_ENABLE_DEBUG_INFO = INCLUDE_SOURCE;
				MTL_FAST_MATH = YES;
				ONLY_ACTIVE_ARCH = YES;
				SDKROOT = iphoneos;
				SWIFT_ACTIVE_COMPILATION_CONDITIONS = DEBUG;
				SWIFT_OPTIMIZATION_LEVEL = "-Onone";
			};
			name = Debug;
		};
		49342F1B290FC45E0000C65E /* Release */ = {
			isa = XCBuildConfiguration;
			buildSettings = {
				ALWAYS_SEARCH_USER_PATHS = NO;
				CLANG_ANALYZER_NONNULL = YES;
				CLANG_ANALYZER_NUMBER_OBJECT_CONVERSION = YES_AGGRESSIVE;
				CLANG_CXX_LANGUAGE_STANDARD = "gnu++17";
				CLANG_CXX_LIBRARY = "libc++";
				CLANG_ENABLE_MODULES = YES;
				CLANG_ENABLE_OBJC_ARC = YES;
				CLANG_ENABLE_OBJC_WEAK = YES;
				CLANG_WARN_BLOCK_CAPTURE_AUTORELEASING = YES;
				CLANG_WARN_BOOL_CONVERSION = YES;
				CLANG_WARN_COMMA = YES;
				CLANG_WARN_CONSTANT_CONVERSION = YES;
				CLANG_WARN_DEPRECATED_OBJC_IMPLEMENTATIONS = YES;
				CLANG_WARN_DIRECT_OBJC_ISA_USAGE = YES_ERROR;
				CLANG_WARN_DOCUMENTATION_COMMENTS = YES;
				CLANG_WARN_EMPTY_BODY = YES;
				CLANG_WARN_ENUM_CONVERSION = YES;
				CLANG_WARN_INFINITE_RECURSION = YES;
				CLANG_WARN_INT_CONVERSION = YES;
				CLANG_WARN_NON_LITERAL_NULL_CONVERSION = YES;
				CLANG_WARN_OBJC_IMPLICIT_RETAIN_SELF = YES;
				CLANG_WARN_OBJC_LITERAL_CONVERSION = YES;
				CLANG_WARN_OBJC_ROOT_CLASS = YES_ERROR;
				CLANG_WARN_QUOTED_INCLUDE_IN_FRAMEWORK_HEADER = YES;
				CLANG_WARN_RANGE_LOOP_ANALYSIS = YES;
				CLANG_WARN_STRICT_PROTOTYPES = YES;
				CLANG_WARN_SUSPICIOUS_MOVE = YES;
				CLANG_WARN_UNGUARDED_AVAILABILITY = YES_AGGRESSIVE;
				CLANG_WARN_UNREACHABLE_CODE = YES;
				CLANG_WARN__DUPLICATE_METHOD_MATCH = YES;
				COPY_PHASE_STRIP = NO;
				DEBUG_INFORMATION_FORMAT = "dwarf-with-dsym";
				ENABLE_NS_ASSERTIONS = NO;
				ENABLE_STRICT_OBJC_MSGSEND = YES;
				GCC_C_LANGUAGE_STANDARD = gnu11;
				GCC_NO_COMMON_BLOCKS = YES;
				GCC_WARN_64_TO_32_BIT_CONVERSION = YES;
				GCC_WARN_ABOUT_RETURN_TYPE = YES_ERROR;
				GCC_WARN_UNDECLARED_SELECTOR = YES;
				GCC_WARN_UNINITIALIZED_AUTOS = YES_AGGRESSIVE;
				GCC_WARN_UNUSED_FUNCTION = YES;
				GCC_WARN_UNUSED_VARIABLE = YES;
				IPHONEOS_DEPLOYMENT_TARGET = 15.2;
				MTL_ENABLE_DEBUG_INFO = NO;
				MTL_FAST_MATH = YES;
				SDKROOT = iphoneos;
				SWIFT_COMPILATION_MODE = wholemodule;
				SWIFT_OPTIMIZATION_LEVEL = "-O";
				VALIDATE_PRODUCT = YES;
			};
			name = Release;
		};
		49342F1D290FC45E0000C65E /* Debug */ = {
			isa = XCBuildConfiguration;
			buildSettings = {
				ASSETCATALOG_COMPILER_APPICON_NAME = AppIcon;
				ASSETCATALOG_COMPILER_GLOBAL_ACCENT_COLOR_NAME = AccentColor;
				CODE_SIGN_STYLE = Automatic;
				CURRENT_PROJECT_VERSION = 1;
				DEVELOPMENT_TEAM = W4ZGXHX466;
				GENERATE_INFOPLIST_FILE = YES;
				INFOPLIST_FILE = islands/Info.plist;
				INFOPLIST_KEY_UIApplicationSupportsIndirectInputEvents = YES;
				INFOPLIST_KEY_UILaunchStoryboardName = LaunchScreen;
				INFOPLIST_KEY_UIMainStoryboardFile = Main;
				INFOPLIST_KEY_UISupportedInterfaceOrientations_iPad = "UIInterfaceOrientationPortrait UIInterfaceOrientationPortraitUpsideDown UIInterfaceOrientationLandscapeLeft UIInterfaceOrientationLandscapeRight";
				INFOPLIST_KEY_UISupportedInterfaceOrientations_iPhone = "UIInterfaceOrientationPortrait UIInterfaceOrientationLandscapeLeft UIInterfaceOrientationLandscapeRight";
				LD_RUNPATH_SEARCH_PATHS = (
					"$(inherited)",
					"@executable_path/Frameworks",
				);
				MARKETING_VERSION = 1.0;
				PRODUCT_BUNDLE_IDENTIFIER = test.com.shema.islands;
				PRODUCT_NAME = "$(TARGET_NAME)";
				SWIFT_EMIT_LOC_STRINGS = YES;
				SWIFT_VERSION = 5.0;
				TARGETED_DEVICE_FAMILY = "1,2";
			};
			name = Debug;
		};
		49342F1E290FC45E0000C65E /* Release */ = {
			isa = XCBuildConfiguration;
			buildSettings = {
				ASSETCATALOG_COMPILER_APPICON_NAME = AppIcon;
				ASSETCATALOG_COMPILER_GLOBAL_ACCENT_COLOR_NAME = AccentColor;
				CODE_SIGN_STYLE = Automatic;
				CURRENT_PROJECT_VERSION = 1;
				DEVELOPMENT_TEAM = W4ZGXHX466;
				GENERATE_INFOPLIST_FILE = YES;
				INFOPLIST_FILE = islands/Info.plist;
				INFOPLIST_KEY_UIApplicationSupportsIndirectInputEvents = YES;
				INFOPLIST_KEY_UILaunchStoryboardName = LaunchScreen;
				INFOPLIST_KEY_UIMainStoryboardFile = Main;
				INFOPLIST_KEY_UISupportedInterfaceOrientations_iPad = "UIInterfaceOrientationPortrait UIInterfaceOrientationPortraitUpsideDown UIInterfaceOrientationLandscapeLeft UIInterfaceOrientationLandscapeRight";
				INFOPLIST_KEY_UISupportedInterfaceOrientations_iPhone = "UIInterfaceOrientationPortrait UIInterfaceOrientationLandscapeLeft UIInterfaceOrientationLandscapeRight";
				LD_RUNPATH_SEARCH_PATHS = (
					"$(inherited)",
					"@executable_path/Frameworks",
				);
				MARKETING_VERSION = 1.0;
				PRODUCT_BUNDLE_IDENTIFIER = test.com.shema.islands;
				PRODUCT_NAME = "$(TARGET_NAME)";
				SWIFT_EMIT_LOC_STRINGS = YES;
				SWIFT_VERSION = 5.0;
				TARGETED_DEVICE_FAMILY = "1,2";
			};
			name = Release;
		};
/* End XCBuildConfiguration section */

/* Begin XCConfigurationList section */
		49342F03290FC45A0000C65E /* Build configuration list for PBXProject "islands" */ = {
			isa = XCConfigurationList;
			buildConfigurations = (
				49342F1A290FC45E0000C65E /* Debug */,
				49342F1B290FC45E0000C65E /* Release */,
			);
			defaultConfigurationIsVisible = 0;
			defaultConfigurationName = Release;
		};
		49342F1C290FC45E0000C65E /* Build configuration list for PBXNativeTarget "islands" */ = {
			isa = XCConfigurationList;
			buildConfigurations = (
				49342F1D290FC45E0000C65E /* Debug */,
				49342F1E290FC45E0000C65E /* Release */,
			);
			defaultConfigurationIsVisible = 0;
			defaultConfigurationName = Release;
		};
/* End XCConfigurationList section */
	};
	rootObject = 49342F00290FC45A0000C65E /* Project object */;
}
